
Microsoft Visual Studio Solution File, Format Version 12.00
# Visual Studio Version 16
VisualStudioVersion = 16.0.30907.101
MinimumVisualStudioVersion = 10.0.40219.1
Project("{FAE04EC0-301F-11D3-BF4B-00C04F79EFBC}") = "MetricsApi", "MetricsApi\MetricsApi.csproj", "{22A418FC-8B95-4CAC-8D4F-6B2DD0F42073}"
EndProject
Project("{2150E333-8FDC-42A3-9474-1A3956D46DE8}") = "Solution Items", "Solution Items", "{B839F6D9-0C42-4BA7-A038-D45427DBA32F}"
	ProjectSection(SolutionItems) = preProject
		Readme.MD = Readme.MD
	EndProjectSection
EndProject
Global
	GlobalSection(SolutionConfigurationPlatforms) = preSolution
		Debug|Any CPU = Debug|Any CPU
		Release|Any CPU = Release|Any CPU
	EndGlobalSection
	GlobalSection(ProjectConfigurationPlatforms) = postSolution
		{22A418FC-8B95-4CAC-8D4F-6B2DD0F42073}.Debug|Any CPU.ActiveCfg = Debug|Any CPU
		{22A418FC-8B95-4CAC-8D4F-6B2DD0F42073}.Debug|Any CPU.Build.0 = Debug|Any CPU
		{22A418FC-8B95-4CAC-8D4F-6B2DD0F42073}.Release|Any CPU.ActiveCfg = Release|Any CPU
		{22A418FC-8B95-4CAC-8D4F-6B2DD0F42073}.Release|Any CPU.Build.0 = Release|Any CPU
	EndGlobalSection
	GlobalSection(SolutionProperties) = preSolution
		HideSolutionNode = FALSE
	EndGlobalSection
	GlobalSection(ExtensibilityGlobals) = postSolution
		SolutionGuid = {38F01F24-4876-4F4E-AB14-FBB617756186}
	EndGlobalSection
EndGlobal
